// !$*UTF8*$!
{
	archiveVersion = 1;
	classes = {
	};
	objectVersion = 56;
	objects = {

/* Begin PBXBuildFile section */
		B50D59192B31F42400E81459 /* WebsocketMessage.swift in Sources */ = {isa = PBXBuildFile; fileRef = B50D59182B31F42400E81459 /* WebsocketMessage.swift */; };
		B52330692B2BB49E001878EB /* ServerListView.swift in Sources */ = {isa = PBXBuildFile; fileRef = B52330682B2BB49E001878EB /* ServerListView.swift */; };
		B523306B2B2BB4AB001878EB /* ServerDetailView.swift in Sources */ = {isa = PBXBuildFile; fileRef = B523306A2B2BB4AB001878EB /* ServerDetailView.swift */; };
		B52330702B2BBF51001878EB /* MinecraftServerViewModel.swift in Sources */ = {isa = PBXBuildFile; fileRef = B523306F2B2BBF51001878EB /* MinecraftServerViewModel.swift */; };
		B52B477F2B33382D00EF7724 /* MCServerCreation.swift in Sources */ = {isa = PBXBuildFile; fileRef = B52B477E2B33382D00EF7724 /* MCServerCreation.swift */; };
		B530D3FD2B30AE450038A887 /* UserViewModel.swift in Sources */ = {isa = PBXBuildFile; fileRef = B530D3FC2B30AE450038A887 /* UserViewModel.swift */; };
		B530D4002B30BCF80038A887 /* URLImage.swift in Sources */ = {isa = PBXBuildFile; fileRef = B530D3FF2B30BCF70038A887 /* URLImage.swift */; };
		B5401ECB2B22A6F600E66375 /* Log.swift in Sources */ = {isa = PBXBuildFile; fileRef = B5401ECA2B22A6F600E66375 /* Log.swift */; };
		B54F7ED92B32218400946D76 /* AddServerView.swift in Sources */ = {isa = PBXBuildFile; fileRef = B54F7ED82B32218400946D76 /* AddServerView.swift */; };
		B56353512B142703003F1716 /* AppConfig.swift in Sources */ = {isa = PBXBuildFile; fileRef = B56353502B142703003F1716 /* AppConfig.swift */; };
		B57D4D1C2B2FD34F006814C8 /* StompMessageFrame.swift in Sources */ = {isa = PBXBuildFile; fileRef = B57D4D1B2B2FD34F006814C8 /* StompMessageFrame.swift */; };
		B57E4B172B3DD0A600AA66BC /* ServersUnavailableView.swift in Sources */ = {isa = PBXBuildFile; fileRef = B57E4B162B3DD0A600AA66BC /* ServersUnavailableView.swift */; };
		B580A45C2B290B0B0043F932 /* ServersGeneralView.swift in Sources */ = {isa = PBXBuildFile; fileRef = B580A45B2B290B0B0043F932 /* ServersGeneralView.swift */; };
		B580A45E2B290C310043F932 /* LoginView.swift in Sources */ = {isa = PBXBuildFile; fileRef = B580A45D2B290C310043F932 /* LoginView.swift */; };
		B580A4602B29110B0043F932 /* MSUUser.swift in Sources */ = {isa = PBXBuildFile; fileRef = B580A45F2B29110B0043F932 /* MSUUser.swift */; };
		B589CD652B29242D00730B69 /* UserProfileView.swift in Sources */ = {isa = PBXBuildFile; fileRef = B589CD642B29242D00730B69 /* UserProfileView.swift */; };
		B5952D9D2B37943200AEF1D0 /* test.apns in Resources */ = {isa = PBXBuildFile; fileRef = B5952D9C2B37943200AEF1D0 /* test.apns */; };
		B59C0FAB2B40F78700358787 /* ActivityKit.framework in Frameworks */ = {isa = PBXBuildFile; fileRef = B59C0FAA2B40F78600358787 /* ActivityKit.framework */; };
		B59C0FB12B41274900358787 /* WidgetKit.framework in Frameworks */ = {isa = PBXBuildFile; fileRef = B5CC54572ACCBE33001864A7 /* WidgetKit.framework */; };
		B59C0FB22B41274900358787 /* SwiftUI.framework in Frameworks */ = {isa = PBXBuildFile; fileRef = B5CC54592ACCBE33001864A7 /* SwiftUI.framework */; };
		B59C0FB52B41274900358787 /* MSU_WidgetsBundle.swift in Sources */ = {isa = PBXBuildFile; fileRef = B59C0FB42B41274900358787 /* MSU_WidgetsBundle.swift */; };
		B59C0FB72B41274900358787 /* MSU_WidgetsLiveActivity.swift in Sources */ = {isa = PBXBuildFile; fileRef = B59C0FB62B41274900358787 /* MSU_WidgetsLiveActivity.swift */; };
		B59C0FB92B41274900358787 /* MSU_Widgets.swift in Sources */ = {isa = PBXBuildFile; fileRef = B59C0FB82B41274900358787 /* MSU_Widgets.swift */; };
		B59C0FBB2B41274900358787 /* AppIntent.swift in Sources */ = {isa = PBXBuildFile; fileRef = B59C0FBA2B41274900358787 /* AppIntent.swift */; };
		B59C0FBD2B41274B00358787 /* Assets.xcassets in Resources */ = {isa = PBXBuildFile; fileRef = B59C0FBC2B41274B00358787 /* Assets.xcassets */; };
		B59C0FC12B41274B00358787 /* MSU WidgetsExtension.appex in Embed Foundation Extensions */ = {isa = PBXBuildFile; fileRef = B59C0FB02B41274900358787 /* MSU WidgetsExtension.appex */; settings = {ATTRIBUTES = (RemoveHeadersOnCopy, ); }; };
		B5C628722B4231ED00D37C62 /* MSUData.swift in Sources */ = {isa = PBXBuildFile; fileRef = B5FD8D872B40D116005BB3EE /* MSUData.swift */; };
		B5C628742B42320800D37C62 /* MSU Service.swift in Sources */ = {isa = PBXBuildFile; fileRef = B5CC544F2ACCBDD6001864A7 /* MSU Service.swift */; };
		B5C628772B42324800D37C62 /* MSU Service Widget.swift in Sources */ = {isa = PBXBuildFile; fileRef = B5C628752B42322400D37C62 /* MSU Service Widget.swift */; };
		B5C628782B4232A900D37C62 /* AppConfig.swift in Sources */ = {isa = PBXBuildFile; fileRef = B56353502B142703003F1716 /* AppConfig.swift */; };
		B5CC54402ACCBC5B001864A7 /* Minecraft_Server_UtilityApp.swift in Sources */ = {isa = PBXBuildFile; fileRef = B5CC543F2ACCBC5B001864A7 /* Minecraft_Server_UtilityApp.swift */; };
		B5CC54422ACCBC5B001864A7 /* ContentView.swift in Sources */ = {isa = PBXBuildFile; fileRef = B5CC54412ACCBC5B001864A7 /* ContentView.swift */; };
		B5CC54442ACCBC5D001864A7 /* Assets.xcassets in Resources */ = {isa = PBXBuildFile; fileRef = B5CC54432ACCBC5D001864A7 /* Assets.xcassets */; };
		B5CC54472ACCBC5D001864A7 /* Preview Assets.xcassets in Resources */ = {isa = PBXBuildFile; fileRef = B5CC54462ACCBC5D001864A7 /* Preview Assets.xcassets */; };
		B5E4EBAF2B22899900F653D9 /* MinecraftServer.swift in Sources */ = {isa = PBXBuildFile; fileRef = B5E4EBAE2B22899900F653D9 /* MinecraftServer.swift */; };
		B5E60DE52B2DEF9D00BD55D3 /* SwiftStomp.swift in Sources */ = {isa = PBXBuildFile; fileRef = B5E60DE42B2DEF9D00BD55D3 /* SwiftStomp.swift */; };
		B5E60DE82B2DF0D300BD55D3 /* Starscream in Frameworks */ = {isa = PBXBuildFile; productRef = B5E60DE72B2DF0D300BD55D3 /* Starscream */; };
		B5E60DEB2B2DF10400BD55D3 /* Reachability in Frameworks */ = {isa = PBXBuildFile; productRef = B5E60DEA2B2DF10400BD55D3 /* Reachability */; };
		B5FD8D862B40B584005BB3EE /* ServerNotificationView.swift in Sources */ = {isa = PBXBuildFile; fileRef = B5FD8D852B40B584005BB3EE /* ServerNotificationView.swift */; };
		B5FD8D882B40D116005BB3EE /* MSUData.swift in Sources */ = {isa = PBXBuildFile; fileRef = B5FD8D872B40D116005BB3EE /* MSUData.swift */; };
/* End PBXBuildFile section */

/* Begin PBXContainerItemProxy section */
		B59C0FBF2B41274B00358787 /* PBXContainerItemProxy */ = {
			isa = PBXContainerItemProxy;
			containerPortal = B5CC54342ACCBC5B001864A7 /* Project object */;
			proxyType = 1;
			remoteGlobalIDString = B59C0FAF2B41274900358787;
			remoteInfo = "MSU WidgetsExtension";
		};
/* End PBXContainerItemProxy section */

/* Begin PBXCopyFilesBuildPhase section */
		B5CC546D2ACCBE35001864A7 /* Embed Foundation Extensions */ = {
			isa = PBXCopyFilesBuildPhase;
			buildActionMask = 2147483647;
			dstPath = "";
			dstSubfolderSpec = 13;
			files = (
				B59C0FC12B41274B00358787 /* MSU WidgetsExtension.appex in Embed Foundation Extensions */,
			);
			name = "Embed Foundation Extensions";
			runOnlyForDeploymentPostprocessing = 0;
		};
/* End PBXCopyFilesBuildPhase section */

/* Begin PBXFileReference section */
		B50D59182B31F42400E81459 /* WebsocketMessage.swift */ = {isa = PBXFileReference; lastKnownFileType = sourcecode.swift; path = WebsocketMessage.swift; sourceTree = "<group>"; };
		B52330682B2BB49E001878EB /* ServerListView.swift */ = {isa = PBXFileReference; lastKnownFileType = sourcecode.swift; path = ServerListView.swift; sourceTree = "<group>"; };
		B523306A2B2BB4AB001878EB /* ServerDetailView.swift */ = {isa = PBXFileReference; lastKnownFileType = sourcecode.swift; path = ServerDetailView.swift; sourceTree = "<group>"; };
		B523306F2B2BBF51001878EB /* MinecraftServerViewModel.swift */ = {isa = PBXFileReference; lastKnownFileType = sourcecode.swift; path = MinecraftServerViewModel.swift; sourceTree = "<group>"; };
		B52B477E2B33382D00EF7724 /* MCServerCreation.swift */ = {isa = PBXFileReference; lastKnownFileType = sourcecode.swift; path = MCServerCreation.swift; sourceTree = "<group>"; };
		B530D3FC2B30AE450038A887 /* UserViewModel.swift */ = {isa = PBXFileReference; lastKnownFileType = sourcecode.swift; path = UserViewModel.swift; sourceTree = "<group>"; };
		B530D3FF2B30BCF70038A887 /* URLImage.swift */ = {isa = PBXFileReference; lastKnownFileType = sourcecode.swift; path = URLImage.swift; sourceTree = "<group>"; };
		B5401ECA2B22A6F600E66375 /* Log.swift */ = {isa = PBXFileReference; lastKnownFileType = sourcecode.swift; path = Log.swift; sourceTree = "<group>"; };
		B54F7ED82B32218400946D76 /* AddServerView.swift */ = {isa = PBXFileReference; lastKnownFileType = sourcecode.swift; path = AddServerView.swift; sourceTree = "<group>"; };
		B56353502B142703003F1716 /* AppConfig.swift */ = {isa = PBXFileReference; lastKnownFileType = sourcecode.swift; path = AppConfig.swift; sourceTree = "<group>"; };
		B57D4D1B2B2FD34F006814C8 /* StompMessageFrame.swift */ = {isa = PBXFileReference; lastKnownFileType = sourcecode.swift; path = StompMessageFrame.swift; sourceTree = "<group>"; };
		B57E4B162B3DD0A600AA66BC /* ServersUnavailableView.swift */ = {isa = PBXFileReference; lastKnownFileType = sourcecode.swift; path = ServersUnavailableView.swift; sourceTree = "<group>"; };
		B580A45B2B290B0B0043F932 /* ServersGeneralView.swift */ = {isa = PBXFileReference; lastKnownFileType = sourcecode.swift; path = ServersGeneralView.swift; sourceTree = "<group>"; };
		B580A45D2B290C310043F932 /* LoginView.swift */ = {isa = PBXFileReference; lastKnownFileType = sourcecode.swift; path = LoginView.swift; sourceTree = "<group>"; };
		B580A45F2B29110B0043F932 /* MSUUser.swift */ = {isa = PBXFileReference; lastKnownFileType = sourcecode.swift; path = MSUUser.swift; sourceTree = "<group>"; };
		B5820F572B366F390086951B /* Minecraft Server Utility.entitlements */ = {isa = PBXFileReference; lastKnownFileType = text.plist.entitlements; path = "Minecraft Server Utility.entitlements"; sourceTree = "<group>"; };
		B589CD642B29242D00730B69 /* UserProfileView.swift */ = {isa = PBXFileReference; lastKnownFileType = sourcecode.swift; path = UserProfileView.swift; sourceTree = "<group>"; };
		B5952D9C2B37943200AEF1D0 /* test.apns */ = {isa = PBXFileReference; lastKnownFileType = text; name = test.apns; path = ../../../../test.apns; sourceTree = "<group>"; };
		B5952DA32B3794D000AEF1D0 /* UserNotifications.framework */ = {isa = PBXFileReference; lastKnownFileType = wrapper.framework; name = UserNotifications.framework; path = System/Library/Frameworks/UserNotifications.framework; sourceTree = SDKROOT; };
		B5952DA52B3794D000AEF1D0 /* UserNotificationsUI.framework */ = {isa = PBXFileReference; lastKnownFileType = wrapper.framework; name = UserNotificationsUI.framework; path = System/Library/Frameworks/UserNotificationsUI.framework; sourceTree = SDKROOT; };
		B59C0FAA2B40F78600358787 /* ActivityKit.framework */ = {isa = PBXFileReference; lastKnownFileType = wrapper.framework; name = ActivityKit.framework; path = System/Library/Frameworks/ActivityKit.framework; sourceTree = SDKROOT; };
		B59C0FB02B41274900358787 /* MSU WidgetsExtension.appex */ = {isa = PBXFileReference; explicitFileType = "wrapper.app-extension"; includeInIndex = 0; path = "MSU WidgetsExtension.appex"; sourceTree = BUILT_PRODUCTS_DIR; };
		B59C0FB42B41274900358787 /* MSU_WidgetsBundle.swift */ = {isa = PBXFileReference; lastKnownFileType = sourcecode.swift; path = MSU_WidgetsBundle.swift; sourceTree = "<group>"; };
		B59C0FB62B41274900358787 /* MSU_WidgetsLiveActivity.swift */ = {isa = PBXFileReference; lastKnownFileType = sourcecode.swift; path = MSU_WidgetsLiveActivity.swift; sourceTree = "<group>"; };
		B59C0FB82B41274900358787 /* MSU_Widgets.swift */ = {isa = PBXFileReference; lastKnownFileType = sourcecode.swift; path = MSU_Widgets.swift; sourceTree = "<group>"; };
		B59C0FBA2B41274900358787 /* AppIntent.swift */ = {isa = PBXFileReference; lastKnownFileType = sourcecode.swift; path = AppIntent.swift; sourceTree = "<group>"; };
		B59C0FBC2B41274B00358787 /* Assets.xcassets */ = {isa = PBXFileReference; lastKnownFileType = folder.assetcatalog; path = Assets.xcassets; sourceTree = "<group>"; };
		B59C0FBE2B41274B00358787 /* Info.plist */ = {isa = PBXFileReference; lastKnownFileType = text.plist.xml; path = Info.plist; sourceTree = "<group>"; };
		B5C628752B42322400D37C62 /* MSU Service Widget.swift */ = {isa = PBXFileReference; lastKnownFileType = sourcecode.swift; path = "MSU Service Widget.swift"; sourceTree = "<group>"; };
		B5CC543C2ACCBC5B001864A7 /* Minecraft Server Utility.app */ = {isa = PBXFileReference; explicitFileType = wrapper.application; includeInIndex = 0; path = "Minecraft Server Utility.app"; sourceTree = BUILT_PRODUCTS_DIR; };
		B5CC543F2ACCBC5B001864A7 /* Minecraft_Server_UtilityApp.swift */ = {isa = PBXFileReference; lastKnownFileType = sourcecode.swift; path = Minecraft_Server_UtilityApp.swift; sourceTree = "<group>"; };
		B5CC54412ACCBC5B001864A7 /* ContentView.swift */ = {isa = PBXFileReference; lastKnownFileType = sourcecode.swift; path = ContentView.swift; sourceTree = "<group>"; };
		B5CC54432ACCBC5D001864A7 /* Assets.xcassets */ = {isa = PBXFileReference; lastKnownFileType = folder.assetcatalog; path = Assets.xcassets; sourceTree = "<group>"; };
		B5CC54462ACCBC5D001864A7 /* Preview Assets.xcassets */ = {isa = PBXFileReference; lastKnownFileType = folder.assetcatalog; path = "Preview Assets.xcassets"; sourceTree = "<group>"; };
		B5CC544F2ACCBDD6001864A7 /* MSU Service.swift */ = {isa = PBXFileReference; lastKnownFileType = sourcecode.swift; path = "MSU Service.swift"; sourceTree = "<group>"; };
		B5CC54572ACCBE33001864A7 /* WidgetKit.framework */ = {isa = PBXFileReference; lastKnownFileType = wrapper.framework; name = WidgetKit.framework; path = System/Library/Frameworks/WidgetKit.framework; sourceTree = SDKROOT; };
		B5CC54592ACCBE33001864A7 /* SwiftUI.framework */ = {isa = PBXFileReference; lastKnownFileType = wrapper.framework; name = SwiftUI.framework; path = System/Library/Frameworks/SwiftUI.framework; sourceTree = SDKROOT; };
		B5E4EBAE2B22899900F653D9 /* MinecraftServer.swift */ = {isa = PBXFileReference; lastKnownFileType = sourcecode.swift; path = MinecraftServer.swift; sourceTree = "<group>"; };
		B5E60DE42B2DEF9D00BD55D3 /* SwiftStomp.swift */ = {isa = PBXFileReference; lastKnownFileType = sourcecode.swift; path = SwiftStomp.swift; sourceTree = "<group>"; };
		B5FD8D852B40B584005BB3EE /* ServerNotificationView.swift */ = {isa = PBXFileReference; lastKnownFileType = sourcecode.swift; path = ServerNotificationView.swift; sourceTree = "<group>"; };
		B5FD8D872B40D116005BB3EE /* MSUData.swift */ = {isa = PBXFileReference; lastKnownFileType = sourcecode.swift; path = MSUData.swift; sourceTree = "<group>"; };
/* End PBXFileReference section */

/* Begin PBXFrameworksBuildPhase section */
		B59C0FAD2B41274900358787 /* Frameworks */ = {
			isa = PBXFrameworksBuildPhase;
			buildActionMask = 2147483647;
			files = (
				B59C0FB22B41274900358787 /* SwiftUI.framework in Frameworks */,
				B59C0FB12B41274900358787 /* WidgetKit.framework in Frameworks */,
			);
			runOnlyForDeploymentPostprocessing = 0;
		};
		B5CC54392ACCBC5B001864A7 /* Frameworks */ = {
			isa = PBXFrameworksBuildPhase;
			buildActionMask = 2147483647;
			files = (
				B59C0FAB2B40F78700358787 /* ActivityKit.framework in Frameworks */,
				B5E60DE82B2DF0D300BD55D3 /* Starscream in Frameworks */,
				B5E60DEB2B2DF10400BD55D3 /* Reachability in Frameworks */,
			);
			runOnlyForDeploymentPostprocessing = 0;
		};
/* End PBXFrameworksBuildPhase section */

/* Begin PBXGroup section */
		B521B4862B27DB170074DB47 /* Services */ = {
			isa = PBXGroup;
			children = (
				B5E4EBAE2B22899900F653D9 /* MinecraftServer.swift */,
				B5401ECA2B22A6F600E66375 /* Log.swift */,
				B580A45F2B29110B0043F932 /* MSUUser.swift */,
				B57D4D1B2B2FD34F006814C8 /* StompMessageFrame.swift */,
				B50D59182B31F42400E81459 /* WebsocketMessage.swift */,
				B52B477E2B33382D00EF7724 /* MCServerCreation.swift */,
				B5FD8D872B40D116005BB3EE /* MSUData.swift */,
			);
			path = Services;
			sourceTree = "<group>";
		};
		B523306C2B2BB6B4001878EB /* List */ = {
			isa = PBXGroup;
			children = (
				B52330682B2BB49E001878EB /* ServerListView.swift */,
			);
			path = List;
			sourceTree = "<group>";
		};
		B523306D2B2BB6C8001878EB /* Detail */ = {
			isa = PBXGroup;
			children = (
				B589CD642B29242D00730B69 /* UserProfileView.swift */,
				B523306A2B2BB4AB001878EB /* ServerDetailView.swift */,
				B5FD8D852B40B584005BB3EE /* ServerNotificationView.swift */,
			);
			path = Detail;
			sourceTree = "<group>";
		};
		B523306E2B2BBEE6001878EB /* ViewModels */ = {
			isa = PBXGroup;
			children = (
				B523306F2B2BBF51001878EB /* MinecraftServerViewModel.swift */,
				B530D3FC2B30AE450038A887 /* UserViewModel.swift */,
			);
			path = ViewModels;
			sourceTree = "<group>";
		};
		B530D3FE2B30BCD20038A887 /* Misc */ = {
			isa = PBXGroup;
			children = (
				B530D3FF2B30BCF70038A887 /* URLImage.swift */,
			);
			path = Misc;
			sourceTree = "<group>";
		};
		B563534F2B1426F4003F1716 /* Constants */ = {
			isa = PBXGroup;
			children = (
				B56353502B142703003F1716 /* AppConfig.swift */,
			);
			path = Constants;
			sourceTree = "<group>";
		};
		B57E4B152B3DD08200AA66BC /* Unavailable */ = {
			isa = PBXGroup;
			children = (
				B57E4B162B3DD0A600AA66BC /* ServersUnavailableView.swift */,
			);
			path = Unavailable;
			sourceTree = "<group>";
		};
		B580A45A2B290AE30043F932 /* Views */ = {
			isa = PBXGroup;
			children = (
				B57E4B152B3DD08200AA66BC /* Unavailable */,
				B530D3FE2B30BCD20038A887 /* Misc */,
				B523306D2B2BB6C8001878EB /* Detail */,
				B523306C2B2BB6B4001878EB /* List */,
				B580A45B2B290B0B0043F932 /* ServersGeneralView.swift */,
				B580A45D2B290C310043F932 /* LoginView.swift */,
				B54F7ED82B32218400946D76 /* AddServerView.swift */,
				B5952D9C2B37943200AEF1D0 /* test.apns */,
			);
			path = Views;
			sourceTree = "<group>";
		};
		B59C0FB32B41274900358787 /* MSU Widgets */ = {
			isa = PBXGroup;
			children = (
				B59C0FB42B41274900358787 /* MSU_WidgetsBundle.swift */,
				B59C0FB62B41274900358787 /* MSU_WidgetsLiveActivity.swift */,
				B59C0FB82B41274900358787 /* MSU_Widgets.swift */,
				B59C0FBA2B41274900358787 /* AppIntent.swift */,
				B59C0FBC2B41274B00358787 /* Assets.xcassets */,
				B59C0FBE2B41274B00358787 /* Info.plist */,
			);
			path = "MSU Widgets";
			sourceTree = "<group>";
		};
		B5CC54332ACCBC5B001864A7 = {
			isa = PBXGroup;
			children = (
				B5CC544D2ACCBD98001864A7 /* Shared */,
				B5CC543E2ACCBC5B001864A7 /* Minecraft Server Utility */,
				B59C0FB32B41274900358787 /* MSU Widgets */,
				B5CC54562ACCBE33001864A7 /* Frameworks */,
				B5CC543D2ACCBC5B001864A7 /* Products */,
			);
			sourceTree = "<group>";
		};
		B5CC543D2ACCBC5B001864A7 /* Products */ = {
			isa = PBXGroup;
			children = (
				B5CC543C2ACCBC5B001864A7 /* Minecraft Server Utility.app */,
				B59C0FB02B41274900358787 /* MSU WidgetsExtension.appex */,
			);
			name = Products;
			sourceTree = "<group>";
		};
		B5CC543E2ACCBC5B001864A7 /* Minecraft Server Utility */ = {
			isa = PBXGroup;
			children = (
				B5820F572B366F390086951B /* Minecraft Server Utility.entitlements */,
				B5CC543F2ACCBC5B001864A7 /* Minecraft_Server_UtilityApp.swift */,
				B5CC54412ACCBC5B001864A7 /* ContentView.swift */,
				B5CC54432ACCBC5D001864A7 /* Assets.xcassets */,
				B5CC54452ACCBC5D001864A7 /* Preview Content */,
			);
			path = "Minecraft Server Utility";
			sourceTree = "<group>";
		};
		B5CC54452ACCBC5D001864A7 /* Preview Content */ = {
			isa = PBXGroup;
			children = (
				B5CC54462ACCBC5D001864A7 /* Preview Assets.xcassets */,
			);
			path = "Preview Content";
			sourceTree = "<group>";
		};
		B5CC544D2ACCBD98001864A7 /* Shared */ = {
			isa = PBXGroup;
			children = (
				B580A45A2B290AE30043F932 /* Views */,
				B5E4EBAD2B22897700F653D9 /* Data */,
				B563534F2B1426F4003F1716 /* Constants */,
				B5CC544E2ACCBDA9001864A7 /* Services */,
			);
			path = Shared;
			sourceTree = "<group>";
		};
		B5CC544E2ACCBDA9001864A7 /* Services */ = {
			isa = PBXGroup;
			children = (
				B5E60DE32B2DEF8B00BD55D3 /* STOMP */,
				B5CC544F2ACCBDD6001864A7 /* MSU Service.swift */,
				B5C628752B42322400D37C62 /* MSU Service Widget.swift */,
			);
			path = Services;
			sourceTree = "<group>";
		};
		B5CC54562ACCBE33001864A7 /* Frameworks */ = {
			isa = PBXGroup;
			children = (
				B59C0FAA2B40F78600358787 /* ActivityKit.framework */,
				B5CC54572ACCBE33001864A7 /* WidgetKit.framework */,
				B5CC54592ACCBE33001864A7 /* SwiftUI.framework */,
				B5952DA32B3794D000AEF1D0 /* UserNotifications.framework */,
				B5952DA52B3794D000AEF1D0 /* UserNotificationsUI.framework */,
			);
			name = Frameworks;
			sourceTree = "<group>";
		};
		B5E4EBAD2B22897700F653D9 /* Data */ = {
			isa = PBXGroup;
			children = (
				B523306E2B2BBEE6001878EB /* ViewModels */,
				B521B4862B27DB170074DB47 /* Services */,
			);
			path = Data;
			sourceTree = "<group>";
		};
		B5E60DE32B2DEF8B00BD55D3 /* STOMP */ = {
			isa = PBXGroup;
			children = (
				B5E60DE42B2DEF9D00BD55D3 /* SwiftStomp.swift */,
			);
			path = STOMP;
			sourceTree = "<group>";
		};
/* End PBXGroup section */

/* Begin PBXNativeTarget section */
		B59C0FAF2B41274900358787 /* MSU WidgetsExtension */ = {
			isa = PBXNativeTarget;
			buildConfigurationList = B59C0FC22B41274B00358787 /* Build configuration list for PBXNativeTarget "MSU WidgetsExtension" */;
			buildPhases = (
				B59C0FAC2B41274900358787 /* Sources */,
				B59C0FAD2B41274900358787 /* Frameworks */,
				B59C0FAE2B41274900358787 /* Resources */,
			);
			buildRules = (
			);
			dependencies = (
			);
			name = "MSU WidgetsExtension";
			productName = "MSU WidgetsExtension";
			productReference = B59C0FB02B41274900358787 /* MSU WidgetsExtension.appex */;
			productType = "com.apple.product-type.app-extension";
		};
		B5CC543B2ACCBC5B001864A7 /* Minecraft Server Utility */ = {
			isa = PBXNativeTarget;
			buildConfigurationList = B5CC544A2ACCBC5D001864A7 /* Build configuration list for PBXNativeTarget "Minecraft Server Utility" */;
			buildPhases = (
				B5CC54382ACCBC5B001864A7 /* Sources */,
				B5CC54392ACCBC5B001864A7 /* Frameworks */,
				B5CC543A2ACCBC5B001864A7 /* Resources */,
				B5CC546D2ACCBE35001864A7 /* Embed Foundation Extensions */,
			);
			buildRules = (
			);
			dependencies = (
				B59C0FC02B41274B00358787 /* PBXTargetDependency */,
			);
			name = "Minecraft Server Utility";
			packageProductDependencies = (
				B5E60DE72B2DF0D300BD55D3 /* Starscream */,
				B5E60DEA2B2DF10400BD55D3 /* Reachability */,
			);
			productName = "Minecraft Server Utility";
			productReference = B5CC543C2ACCBC5B001864A7 /* Minecraft Server Utility.app */;
			productType = "com.apple.product-type.application";
		};
/* End PBXNativeTarget section */

/* Begin PBXProject section */
		B5CC54342ACCBC5B001864A7 /* Project object */ = {
			isa = PBXProject;
			attributes = {
				BuildIndependentTargetsInParallel = 1;
				LastSwiftUpdateCheck = 1510;
				LastUpgradeCheck = 1500;
				TargetAttributes = {
					B59C0FAF2B41274900358787 = {
						CreatedOnToolsVersion = 15.1;
					};
					B5CC543B2ACCBC5B001864A7 = {
						CreatedOnToolsVersion = 15.0;
					};
				};
			};
			buildConfigurationList = B5CC54372ACCBC5B001864A7 /* Build configuration list for PBXProject "Minecraft Server Utility" */;
			compatibilityVersion = "Xcode 14.0";
			developmentRegion = en;
			hasScannedForEncodings = 0;
			knownRegions = (
				en,
				Base,
			);
			mainGroup = B5CC54332ACCBC5B001864A7;
			packageReferences = (
				B5E60DE62B2DF0C000BD55D3 /* XCRemoteSwiftPackageReference "Starscream" */,
				B5E60DE92B2DF10400BD55D3 /* XCRemoteSwiftPackageReference "Reachability.swift" */,
			);
			productRefGroup = B5CC543D2ACCBC5B001864A7 /* Products */;
			projectDirPath = "";
			projectRoot = "";
			targets = (
				B5CC543B2ACCBC5B001864A7 /* Minecraft Server Utility */,
				B59C0FAF2B41274900358787 /* MSU WidgetsExtension */,
			);
		};
/* End PBXProject section */

/* Begin PBXResourcesBuildPhase section */
		B59C0FAE2B41274900358787 /* Resources */ = {
			isa = PBXResourcesBuildPhase;
			buildActionMask = 2147483647;
			files = (
				B59C0FBD2B41274B00358787 /* Assets.xcassets in Resources */,
			);
			runOnlyForDeploymentPostprocessing = 0;
		};
		B5CC543A2ACCBC5B001864A7 /* Resources */ = {
			isa = PBXResourcesBuildPhase;
			buildActionMask = 2147483647;
			files = (
				B5CC54472ACCBC5D001864A7 /* Preview Assets.xcassets in Resources */,
				B5CC54442ACCBC5D001864A7 /* Assets.xcassets in Resources */,
				B5952D9D2B37943200AEF1D0 /* test.apns in Resources */,
			);
			runOnlyForDeploymentPostprocessing = 0;
		};
/* End PBXResourcesBuildPhase section */

/* Begin PBXSourcesBuildPhase section */
		B59C0FAC2B41274900358787 /* Sources */ = {
			isa = PBXSourcesBuildPhase;
			buildActionMask = 2147483647;
			files = (
				B5C628722B4231ED00D37C62 /* MSUData.swift in Sources */,
				B5C628772B42324800D37C62 /* MSU Service Widget.swift in Sources */,
				B59C0FB72B41274900358787 /* MSU_WidgetsLiveActivity.swift in Sources */,
				B5C628782B4232A900D37C62 /* AppConfig.swift in Sources */,
				B59C0FBB2B41274900358787 /* AppIntent.swift in Sources */,
				B59C0FB52B41274900358787 /* MSU_WidgetsBundle.swift in Sources */,
				B59C0FB92B41274900358787 /* MSU_Widgets.swift in Sources */,
			);
			runOnlyForDeploymentPostprocessing = 0;
		};
		B5CC54382ACCBC5B001864A7 /* Sources */ = {
			isa = PBXSourcesBuildPhase;
			buildActionMask = 2147483647;
			files = (
				B52330702B2BBF51001878EB /* MinecraftServerViewModel.swift in Sources */,
				B580A45C2B290B0B0043F932 /* ServersGeneralView.swift in Sources */,
				B580A4602B29110B0043F932 /* MSUUser.swift in Sources */,
				B56353512B142703003F1716 /* AppConfig.swift in Sources */,
				B5401ECB2B22A6F600E66375 /* Log.swift in Sources */,
				B5FD8D882B40D116005BB3EE /* MSUData.swift in Sources */,
				B589CD652B29242D00730B69 /* UserProfileView.swift in Sources */,
				B5CC54422ACCBC5B001864A7 /* ContentView.swift in Sources */,
				B530D4002B30BCF80038A887 /* URLImage.swift in Sources */,
				B52B477F2B33382D00EF7724 /* MCServerCreation.swift in Sources */,
				B57D4D1C2B2FD34F006814C8 /* StompMessageFrame.swift in Sources */,
				B5C628742B42320800D37C62 /* MSU Service.swift in Sources */,
				B530D3FD2B30AE450038A887 /* UserViewModel.swift in Sources */,
				B5E4EBAF2B22899900F653D9 /* MinecraftServer.swift in Sources */,
				B50D59192B31F42400E81459 /* WebsocketMessage.swift in Sources */,
				B580A45E2B290C310043F932 /* LoginView.swift in Sources */,
				B52330692B2BB49E001878EB /* ServerListView.swift in Sources */,
				B523306B2B2BB4AB001878EB /* ServerDetailView.swift in Sources */,
				B57E4B172B3DD0A600AA66BC /* ServersUnavailableView.swift in Sources */,
				B5FD8D862B40B584005BB3EE /* ServerNotificationView.swift in Sources */,
				B54F7ED92B32218400946D76 /* AddServerView.swift in Sources */,
				B5CC54402ACCBC5B001864A7 /* Minecraft_Server_UtilityApp.swift in Sources */,
				B5E60DE52B2DEF9D00BD55D3 /* SwiftStomp.swift in Sources */,
			);
			runOnlyForDeploymentPostprocessing = 0;
		};
/* End PBXSourcesBuildPhase section */

/* Begin PBXTargetDependency section */
		B59C0FC02B41274B00358787 /* PBXTargetDependency */ = {
			isa = PBXTargetDependency;
			target = B59C0FAF2B41274900358787 /* MSU WidgetsExtension */;
			targetProxy = B59C0FBF2B41274B00358787 /* PBXContainerItemProxy */;
		};
/* End PBXTargetDependency section */

/* Begin XCBuildConfiguration section */
		B59C0FC32B41274B00358787 /* Debug */ = {
			isa = XCBuildConfiguration;
			buildSettings = {
				ASSETCATALOG_COMPILER_GLOBAL_ACCENT_COLOR_NAME = AccentColor;
				ASSETCATALOG_COMPILER_WIDGET_BACKGROUND_COLOR_NAME = WidgetBackground;
				CODE_SIGN_STYLE = Automatic;
				CURRENT_PROJECT_VERSION = 1;
				DEVELOPMENT_TEAM = 6M38R97L4D;
				GENERATE_INFOPLIST_FILE = YES;
				INFOPLIST_FILE = "MSU Widgets/Info.plist";
				INFOPLIST_KEY_CFBundleDisplayName = "MSU Widgets";
				INFOPLIST_KEY_NSHumanReadableCopyright = "";
				IPHONEOS_DEPLOYMENT_TARGET = 17.2;
				LD_RUNPATH_SEARCH_PATHS = (
					"$(inherited)",
					"@executable_path/Frameworks",
					"@executable_path/../../Frameworks",
				);
				MARKETING_VERSION = 1.0;
				PRODUCT_BUNDLE_IDENTIFIER = "zgamelogic.Minecraft-Server-Utility.MSU-Widgets";
				PRODUCT_NAME = "$(TARGET_NAME)";
				SKIP_INSTALL = YES;
				SWIFT_EMIT_LOC_STRINGS = YES;
				SWIFT_VERSION = 5.0;
				TARGETED_DEVICE_FAMILY = "1,2";
			};
			name = Debug;
		};
		B59C0FC42B41274B00358787 /* Release */ = {
			isa = XCBuildConfiguration;
			buildSettings = {
				ASSETCATALOG_COMPILER_GLOBAL_ACCENT_COLOR_NAME = AccentColor;
				ASSETCATALOG_COMPILER_WIDGET_BACKGROUND_COLOR_NAME = WidgetBackground;
				CODE_SIGN_STYLE = Automatic;
				CURRENT_PROJECT_VERSION = 1;
				DEVELOPMENT_TEAM = 6M38R97L4D;
				GENERATE_INFOPLIST_FILE = YES;
				INFOPLIST_FILE = "MSU Widgets/Info.plist";
				INFOPLIST_KEY_CFBundleDisplayName = "MSU Widgets";
				INFOPLIST_KEY_NSHumanReadableCopyright = "";
				IPHONEOS_DEPLOYMENT_TARGET = 17.2;
				LD_RUNPATH_SEARCH_PATHS = (
					"$(inherited)",
					"@executable_path/Frameworks",
					"@executable_path/../../Frameworks",
				);
				MARKETING_VERSION = 1.0;
				PRODUCT_BUNDLE_IDENTIFIER = "zgamelogic.Minecraft-Server-Utility.MSU-Widgets";
				PRODUCT_NAME = "$(TARGET_NAME)";
				SKIP_INSTALL = YES;
				SWIFT_EMIT_LOC_STRINGS = YES;
				SWIFT_VERSION = 5.0;
				TARGETED_DEVICE_FAMILY = "1,2";
			};
			name = Release;
		};
		B5CC54482ACCBC5D001864A7 /* Debug */ = {
			isa = XCBuildConfiguration;
			buildSettings = {
				ALWAYS_SEARCH_USER_PATHS = NO;
				ASSETCATALOG_COMPILER_GENERATE_SWIFT_ASSET_SYMBOL_EXTENSIONS = YES;
				CLANG_ANALYZER_NONNULL = YES;
				CLANG_ANALYZER_NUMBER_OBJECT_CONVERSION = YES_AGGRESSIVE;
				CLANG_CXX_LANGUAGE_STANDARD = "gnu++20";
				CLANG_ENABLE_MODULES = YES;
				CLANG_ENABLE_OBJC_ARC = YES;
				CLANG_ENABLE_OBJC_WEAK = YES;
				CLANG_WARN_BLOCK_CAPTURE_AUTORELEASING = YES;
				CLANG_WARN_BOOL_CONVERSION = YES;
				CLANG_WARN_COMMA = YES;
				CLANG_WARN_CONSTANT_CONVERSION = YES;
				CLANG_WARN_DEPRECATED_OBJC_IMPLEMENTATIONS = YES;
				CLANG_WARN_DIRECT_OBJC_ISA_USAGE = YES_ERROR;
				CLANG_WARN_DOCUMENTATION_COMMENTS = YES;
				CLANG_WARN_EMPTY_BODY = YES;
				CLANG_WARN_ENUM_CONVERSION = YES;
				CLANG_WARN_INFINITE_RECURSION = YES;
				CLANG_WARN_INT_CONVERSION = YES;
				CLANG_WARN_NON_LITERAL_NULL_CONVERSION = YES;
				CLANG_WARN_OBJC_IMPLICIT_RETAIN_SELF = YES;
				CLANG_WARN_OBJC_LITERAL_CONVERSION = YES;
				CLANG_WARN_OBJC_ROOT_CLASS = YES_ERROR;
				CLANG_WARN_QUOTED_INCLUDE_IN_FRAMEWORK_HEADER = YES;
				CLANG_WARN_RANGE_LOOP_ANALYSIS = YES;
				CLANG_WARN_STRICT_PROTOTYPES = YES;
				CLANG_WARN_SUSPICIOUS_MOVE = YES;
				CLANG_WARN_UNGUARDED_AVAILABILITY = YES_AGGRESSIVE;
				CLANG_WARN_UNREACHABLE_CODE = YES;
				CLANG_WARN__DUPLICATE_METHOD_MATCH = YES;
				COPY_PHASE_STRIP = NO;
				DEBUG_INFORMATION_FORMAT = dwarf;
				ENABLE_STRICT_OBJC_MSGSEND = YES;
				ENABLE_TESTABILITY = YES;
				ENABLE_USER_SCRIPT_SANDBOXING = YES;
				GCC_C_LANGUAGE_STANDARD = gnu17;
				GCC_DYNAMIC_NO_PIC = NO;
				GCC_NO_COMMON_BLOCKS = YES;
				GCC_OPTIMIZATION_LEVEL = 0;
				GCC_PREPROCESSOR_DEFINITIONS = (
					"DEBUG=1",
					"$(inherited)",
				);
				GCC_WARN_64_TO_32_BIT_CONVERSION = YES;
				GCC_WARN_ABOUT_RETURN_TYPE = YES_ERROR;
				GCC_WARN_UNDECLARED_SELECTOR = YES;
				GCC_WARN_UNINITIALIZED_AUTOS = YES_AGGRESSIVE;
				GCC_WARN_UNUSED_FUNCTION = YES;
				GCC_WARN_UNUSED_VARIABLE = YES;
				IPHONEOS_DEPLOYMENT_TARGET = 17.0;
				LOCALIZATION_PREFERS_STRING_CATALOGS = YES;
				MTL_ENABLE_DEBUG_INFO = INCLUDE_SOURCE;
				MTL_FAST_MATH = YES;
				ONLY_ACTIVE_ARCH = YES;
				SDKROOT = iphoneos;
				SWIFT_ACTIVE_COMPILATION_CONDITIONS = "DEBUG $(inherited)";
				SWIFT_OPTIMIZATION_LEVEL = "-Onone";
			};
			name = Debug;
		};
		B5CC54492ACCBC5D001864A7 /* Release */ = {
			isa = XCBuildConfiguration;
			buildSettings = {
				ALWAYS_SEARCH_USER_PATHS = NO;
				ASSETCATALOG_COMPILER_GENERATE_SWIFT_ASSET_SYMBOL_EXTENSIONS = YES;
				CLANG_ANALYZER_NONNULL = YES;
				CLANG_ANALYZER_NUMBER_OBJECT_CONVERSION = YES_AGGRESSIVE;
				CLANG_CXX_LANGUAGE_STANDARD = "gnu++20";
				CLANG_ENABLE_MODULES = YES;
				CLANG_ENABLE_OBJC_ARC = YES;
				CLANG_ENABLE_OBJC_WEAK = YES;
				CLANG_WARN_BLOCK_CAPTURE_AUTORELEASING = YES;
				CLANG_WARN_BOOL_CONVERSION = YES;
				CLANG_WARN_COMMA = YES;
				CLANG_WARN_CONSTANT_CONVERSION = YES;
				CLANG_WARN_DEPRECATED_OBJC_IMPLEMENTATIONS = YES;
				CLANG_WARN_DIRECT_OBJC_ISA_USAGE = YES_ERROR;
				CLANG_WARN_DOCUMENTATION_COMMENTS = YES;
				CLANG_WARN_EMPTY_BODY = YES;
				CLANG_WARN_ENUM_CONVERSION = YES;
				CLANG_WARN_INFINITE_RECURSION = YES;
				CLANG_WARN_INT_CONVERSION = YES;
				CLANG_WARN_NON_LITERAL_NULL_CONVERSION = YES;
				CLANG_WARN_OBJC_IMPLICIT_RETAIN_SELF = YES;
				CLANG_WARN_OBJC_LITERAL_CONVERSION = YES;
				CLANG_WARN_OBJC_ROOT_CLASS = YES_ERROR;
				CLANG_WARN_QUOTED_INCLUDE_IN_FRAMEWORK_HEADER = YES;
				CLANG_WARN_RANGE_LOOP_ANALYSIS = YES;
				CLANG_WARN_STRICT_PROTOTYPES = YES;
				CLANG_WARN_SUSPICIOUS_MOVE = YES;
				CLANG_WARN_UNGUARDED_AVAILABILITY = YES_AGGRESSIVE;
				CLANG_WARN_UNREACHABLE_CODE = YES;
				CLANG_WARN__DUPLICATE_METHOD_MATCH = YES;
				COPY_PHASE_STRIP = NO;
				DEBUG_INFORMATION_FORMAT = "dwarf-with-dsym";
				ENABLE_NS_ASSERTIONS = NO;
				ENABLE_STRICT_OBJC_MSGSEND = YES;
				ENABLE_USER_SCRIPT_SANDBOXING = YES;
				GCC_C_LANGUAGE_STANDARD = gnu17;
				GCC_NO_COMMON_BLOCKS = YES;
				GCC_WARN_64_TO_32_BIT_CONVERSION = YES;
				GCC_WARN_ABOUT_RETURN_TYPE = YES_ERROR;
				GCC_WARN_UNDECLARED_SELECTOR = YES;
				GCC_WARN_UNINITIALIZED_AUTOS = YES_AGGRESSIVE;
				GCC_WARN_UNUSED_FUNCTION = YES;
				GCC_WARN_UNUSED_VARIABLE = YES;
				IPHONEOS_DEPLOYMENT_TARGET = 17.0;
				LOCALIZATION_PREFERS_STRING_CATALOGS = YES;
				MTL_ENABLE_DEBUG_INFO = NO;
				MTL_FAST_MATH = YES;
				SDKROOT = iphoneos;
				SWIFT_COMPILATION_MODE = wholemodule;
				VALIDATE_PRODUCT = YES;
			};
			name = Release;
		};
		B5CC544B2ACCBC5D001864A7 /* Debug */ = {
			isa = XCBuildConfiguration;
			buildSettings = {
				ALWAYS_EMBED_SWIFT_STANDARD_LIBRARIES = YES;
				ASSETCATALOG_COMPILER_APPICON_NAME = AppIcon;
				ASSETCATALOG_COMPILER_GLOBAL_ACCENT_COLOR_NAME = AccentColor;
				CODE_SIGN_ENTITLEMENTS = "Minecraft Server Utility/Minecraft Server Utility.entitlements";
				CODE_SIGN_STYLE = Automatic;
				CURRENT_PROJECT_VERSION = 1;
				DEVELOPMENT_ASSET_PATHS = "\"Minecraft Server Utility/Preview Content\"";
				DEVELOPMENT_TEAM = 6M38R97L4D;
				ENABLE_PREVIEWS = YES;
				GENERATE_INFOPLIST_FILE = YES;
				INFOPLIST_FILE = "Minecraft-Server-Utility-Info.plist";
				INFOPLIST_KEY_CFBundleDisplayName = MSU;
				INFOPLIST_KEY_LSApplicationCategoryType = "public.app-category.utilities";
				INFOPLIST_KEY_UIApplicationSceneManifest_Generation = YES;
				INFOPLIST_KEY_UIApplicationSupportsIndirectInputEvents = YES;
				INFOPLIST_KEY_UILaunchScreen_Generation = YES;
				INFOPLIST_KEY_UISupportedInterfaceOrientations_iPad = "UIInterfaceOrientationPortrait UIInterfaceOrientationPortraitUpsideDown UIInterfaceOrientationLandscapeLeft UIInterfaceOrientationLandscapeRight";
				INFOPLIST_KEY_UISupportedInterfaceOrientations_iPhone = "UIInterfaceOrientationPortrait UIInterfaceOrientationLandscapeLeft UIInterfaceOrientationLandscapeRight";
				LD_RUNPATH_SEARCH_PATHS = (
					"$(inherited)",
					"@executable_path/Frameworks",
				);
				MARKETING_VERSION = 1.0;
				PRODUCT_BUNDLE_IDENTIFIER = "zgamelogic.Minecraft-Server-Utility";
				PRODUCT_NAME = "$(TARGET_NAME)";
				SUPPORTED_PLATFORMS = "iphoneos iphonesimulator";
				SUPPORTS_MACCATALYST = NO;
				SUPPORTS_MAC_DESIGNED_FOR_IPHONE_IPAD = NO;
				SWIFT_EMIT_LOC_STRINGS = YES;
				SWIFT_VERSION = 5.0;
				TARGETED_DEVICE_FAMILY = "1,2";
			};
			name = Debug;
		};
		B5CC544C2ACCBC5D001864A7 /* Release */ = {
			isa = XCBuildConfiguration;
			buildSettings = {
				ALWAYS_EMBED_SWIFT_STANDARD_LIBRARIES = YES;
				ASSETCATALOG_COMPILER_APPICON_NAME = AppIcon;
				ASSETCATALOG_COMPILER_GLOBAL_ACCENT_COLOR_NAME = AccentColor;
				CODE_SIGN_ENTITLEMENTS = "Minecraft Server Utility/Minecraft Server Utility.entitlements";
				CODE_SIGN_STYLE = Automatic;
				CURRENT_PROJECT_VERSION = 1;
				DEVELOPMENT_ASSET_PATHS = "\"Minecraft Server Utility/Preview Content\"";
				DEVELOPMENT_TEAM = 6M38R97L4D;
				ENABLE_PREVIEWS = YES;
				GENERATE_INFOPLIST_FILE = YES;
				INFOPLIST_FILE = "Minecraft-Server-Utility-Info.plist";
				INFOPLIST_KEY_CFBundleDisplayName = MSU;
				INFOPLIST_KEY_LSApplicationCategoryType = "public.app-category.utilities";
				INFOPLIST_KEY_UIApplicationSceneManifest_Generation = YES;
				INFOPLIST_KEY_UIApplicationSupportsIndirectInputEvents = YES;
				INFOPLIST_KEY_UILaunchScreen_Generation = YES;
				INFOPLIST_KEY_UISupportedInterfaceOrientations_iPad = "UIInterfaceOrientationPortrait UIInterfaceOrientationPortraitUpsideDown UIInterfaceOrientationLandscapeLeft UIInterfaceOrientationLandscapeRight";
				INFOPLIST_KEY_UISupportedInterfaceOrientations_iPhone = "UIInterfaceOrientationPortrait UIInterfaceOrientationLandscapeLeft UIInterfaceOrientationLandscapeRight";
				LD_RUNPATH_SEARCH_PATHS = (
					"$(inherited)",
					"@executable_path/Frameworks",
				);
				MARKETING_VERSION = 1.0;
				PRODUCT_BUNDLE_IDENTIFIER = "zgamelogic.Minecraft-Server-Utility";
				PRODUCT_NAME = "$(TARGET_NAME)";
				SUPPORTED_PLATFORMS = "iphoneos iphonesimulator";
				SUPPORTS_MACCATALYST = NO;
				SUPPORTS_MAC_DESIGNED_FOR_IPHONE_IPAD = NO;
				SWIFT_EMIT_LOC_STRINGS = YES;
				SWIFT_VERSION = 5.0;
				TARGETED_DEVICE_FAMILY = "1,2";
			};
			name = Release;
		};
/* End XCBuildConfiguration section */

/* Begin XCConfigurationList section */
		B59C0FC22B41274B00358787 /* Build configuration list for PBXNativeTarget "MSU WidgetsExtension" */ = {
			isa = XCConfigurationList;
			buildConfigurations = (
				B59C0FC32B41274B00358787 /* Debug */,
				B59C0FC42B41274B00358787 /* Release */,
			);
			defaultConfigurationIsVisible = 0;
			defaultConfigurationName = Release;
		};
		B5CC54372ACCBC5B001864A7 /* Build configuration list for PBXProject "Minecraft Server Utility" */ = {
			isa = XCConfigurationList;
			buildConfigurations = (
				B5CC54482ACCBC5D001864A7 /* Debug */,
				B5CC54492ACCBC5D001864A7 /* Release */,
			);
			defaultConfigurationIsVisible = 0;
			defaultConfigurationName = Release;
		};
		B5CC544A2ACCBC5D001864A7 /* Build configuration list for PBXNativeTarget "Minecraft Server Utility" */ = {
			isa = XCConfigurationList;
			buildConfigurations = (
				B5CC544B2ACCBC5D001864A7 /* Debug */,
				B5CC544C2ACCBC5D001864A7 /* Release */,
			);
			defaultConfigurationIsVisible = 0;
			defaultConfigurationName = Release;
		};
/* End XCConfigurationList section */

/* Begin XCRemoteSwiftPackageReference section */
		B5E60DE62B2DF0C000BD55D3 /* XCRemoteSwiftPackageReference "Starscream" */ = {
			isa = XCRemoteSwiftPackageReference;
			repositoryURL = "https://github.com/daltoniam/Starscream.git";
			requirement = {
				kind = upToNextMajorVersion;
				minimumVersion = 4.0.6;
			};
		};
		B5E60DE92B2DF10400BD55D3 /* XCRemoteSwiftPackageReference "Reachability.swift" */ = {
			isa = XCRemoteSwiftPackageReference;
			repositoryURL = "https://github.com/ashleymills/Reachability.swift.git";
			requirement = {
				branch = master;
				kind = branch;
			};
		};
/* End XCRemoteSwiftPackageReference section */

/* Begin XCSwiftPackageProductDependency section */
		B5E60DE72B2DF0D300BD55D3 /* Starscream */ = {
			isa = XCSwiftPackageProductDependency;
			package = B5E60DE62B2DF0C000BD55D3 /* XCRemoteSwiftPackageReference "Starscream" */;
			productName = Starscream;
		};
		B5E60DEA2B2DF10400BD55D3 /* Reachability */ = {
			isa = XCSwiftPackageProductDependency;
			package = B5E60DE92B2DF10400BD55D3 /* XCRemoteSwiftPackageReference "Reachability.swift" */;
			productName = Reachability;
		};
/* End XCSwiftPackageProductDependency section */
	};
	rootObject = B5CC54342ACCBC5B001864A7 /* Project object */;
}
